<?xml version="1.0" encoding="utf-8"?>
<Project ToolsVersion="4.0" xmlns="http://schemas.microsoft.com/developer/msbuild/2003">
  <ItemGroup>
    <Filter Include="Source Files">
      <UniqueIdentifier>{bff6f850-709e-4c38-a128-31317c5df603}</UniqueIdentifier>
      <Extensions>cpp;c;cxx;rc;def;r;odl;idl;hpj;bat</Extensions>
    </Filter>
    <Filter Include="Header Files">
      <UniqueIdentifier>{cb1ea715-9ec9-4681-95ea-5f324c36e5ee}</UniqueIdentifier>
      <Extensions>h;hpp;hxx;hm;inl</Extensions>
    </Filter>
  </ItemGroup>
  <ItemGroup>
    <ClCompile Include="regcomp.c">
      <Filter>Source Files</Filter>
    </ClCompile>
    <ClCompile Include="regerror.c">
      <Filter>Source Files</Filter>
    </ClCompile>
    <ClCompile Include="regexec.c">
      <Filter>Source Files</Filter>
    </ClCompile>
    <ClCompile Include="regfree.c">
      <Filter>Source Files</Filter>
    </ClCompile>
  </ItemGroup>
</Project>